// !$*UTF8*$!
{
	archiveVersion = 1;
	classes = {
	};
	objectVersion = 50;
	objects = {

/* Begin PBXBuildFile section */
		98646F5025CC0F43005B535F /* AppDelegate.swift in Sources */ = {isa = PBXBuildFile; fileRef = 98646F4F25CC0F43005B535F /* AppDelegate.swift */; };
		98646F5225CC0F43005B535F /* SceneDelegate.swift in Sources */ = {isa = PBXBuildFile; fileRef = 98646F5125CC0F43005B535F /* SceneDelegate.swift */; };
		98646F5425CC0F43005B535F /* StartController.swift in Sources */ = {isa = PBXBuildFile; fileRef = 98646F5325CC0F43005B535F /* StartController.swift */; };
		98646F5725CC0F43005B535F /* Main.storyboard in Resources */ = {isa = PBXBuildFile; fileRef = 98646F5525CC0F43005B535F /* Main.storyboard */; };
		98646F5925CC0F4A005B535F /* Assets.xcassets in Resources */ = {isa = PBXBuildFile; fileRef = 98646F5825CC0F4A005B535F /* Assets.xcassets */; };
		98646F5C25CC0F4A005B535F /* LaunchScreen.storyboard in Resources */ = {isa = PBXBuildFile; fileRef = 98646F5A25CC0F4A005B535F /* LaunchScreen.storyboard */; };
		98646F6725CC12AB005B535F /* WeeklyPayCheckerController.swift in Sources */ = {isa = PBXBuildFile; fileRef = 98646F6625CC12AB005B535F /* WeeklyPayCheckerController.swift */; };
		98646F6925CC138F005B535F /* TriangleTesterController.swift in Sources */ = {isa = PBXBuildFile; fileRef = 98646F6825CC138F005B535F /* TriangleTesterController.swift */; };
		98646F6B25CC27A0005B535F /* PayCounter.swift in Sources */ = {isa = PBXBuildFile; fileRef = 98646F6A25CC27A0005B535F /* PayCounter.swift */; };
		98FA477325CC54EF00CC36E6 /* TriangleChecker.swift in Sources */ = {isa = PBXBuildFile; fileRef = 98FA477225CC54EF00CC36E6 /* TriangleChecker.swift */; };
/* End PBXBuildFile section */

/* Begin PBXFileReference section */
		98646F4C25CC0F43005B535F /* programms.app */ = {isa = PBXFileReference; explicitFileType = wrapper.application; includeInIndex = 0; path = programms.app; sourceTree = BUILT_PRODUCTS_DIR; };
		98646F4F25CC0F43005B535F /* AppDelegate.swift */ = {isa = PBXFileReference; lastKnownFileType = sourcecode.swift; path = AppDelegate.swift; sourceTree = "<group>"; };
		98646F5125CC0F43005B535F /* SceneDelegate.swift */ = {isa = PBXFileReference; lastKnownFileType = sourcecode.swift; path = SceneDelegate.swift; sourceTree = "<group>"; };
		98646F5325CC0F43005B535F /* StartController.swift */ = {isa = PBXFileReference; lastKnownFileType = sourcecode.swift; path = StartController.swift; sourceTree = "<group>"; };
		98646F5625CC0F43005B535F /* Base */ = {isa = PBXFileReference; lastKnownFileType = file.storyboard; name = Base; path = Base.lproj/Main.storyboard; sourceTree = "<group>"; };
		98646F5825CC0F4A005B535F /* Assets.xcassets */ = {isa = PBXFileReference; lastKnownFileType = folder.assetcatalog; path = Assets.xcassets; sourceTree = "<group>"; };
		98646F5B25CC0F4A005B535F /* Base */ = {isa = PBXFileReference; lastKnownFileType = file.storyboard; name = Base; path = Base.lproj/LaunchScreen.storyboard; sourceTree = "<group>"; };
		98646F5D25CC0F4A005B535F /* Info.plist */ = {isa = PBXFileReference; lastKnownFileType = text.plist.xml; path = Info.plist; sourceTree = "<group>"; };
		98646F6625CC12AB005B535F /* WeeklyPayCheckerController.swift */ = {isa = PBXFileReference; lastKnownFileType = sourcecode.swift; path = WeeklyPayCheckerController.swift; sourceTree = "<group>"; };
		98646F6825CC138F005B535F /* TriangleTesterController.swift */ = {isa = PBXFileReference; lastKnownFileType = sourcecode.swift; path = TriangleTesterController.swift; sourceTree = "<group>"; };
		98646F6A25CC27A0005B535F /* PayCounter.swift */ = {isa = PBXFileReference; lastKnownFileType = sourcecode.swift; path = PayCounter.swift; sourceTree = "<group>"; };
		98FA477225CC54EF00CC36E6 /* TriangleChecker.swift */ = {isa = PBXFileReference; lastKnownFileType = sourcecode.swift; path = TriangleChecker.swift; sourceTree = "<group>"; };
/* End PBXFileReference section */

/* Begin PBXFrameworksBuildPhase section */
		98646F4925CC0F43005B535F /* Frameworks */ = {
			isa = PBXFrameworksBuildPhase;
			buildActionMask = 2147483647;
			files = (
			);
			runOnlyForDeploymentPostprocessing = 0;
		};
/* End PBXFrameworksBuildPhase section */

/* Begin PBXGroup section */
		98646F4325CC0F43005B535F = {
			isa = PBXGroup;
			children = (
				98646F4E25CC0F43005B535F /* programms */,
				98646F4D25CC0F43005B535F /* Products */,
			);
			sourceTree = "<group>";
		};
		98646F4D25CC0F43005B535F /* Products */ = {
			isa = PBXGroup;
			children = (
				98646F4C25CC0F43005B535F /* programms.app */,
			);
			name = Products;
			sourceTree = "<group>";
		};
		98646F4E25CC0F43005B535F /* programms */ = {
			isa = PBXGroup;
			children = (
				98646F6525CC0FD0005B535F /* Models */,
				98646F6425CC0FC8005B535F /* Controllers */,
				98646F5525CC0F43005B535F /* Main.storyboard */,
				98646F6325CC0FAD005B535F /* Supporting files */,
				98646F5D25CC0F4A005B535F /* Info.plist */,
			);
			path = programms;
			sourceTree = "<group>";
		};
		98646F6325CC0FAD005B535F /* Supporting files */ = {
			isa = PBXGroup;
			children = (
				98646F4F25CC0F43005B535F /* AppDelegate.swift */,
				98646F5125CC0F43005B535F /* SceneDelegate.swift */,
				98646F5825CC0F4A005B535F /* Assets.xcassets */,
				98646F5A25CC0F4A005B535F /* LaunchScreen.storyboard */,
			);
			path = "Supporting files";
			sourceTree = "<group>";
		};
		98646F6425CC0FC8005B535F /* Controllers */ = {
			isa = PBXGroup;
			children = (
				98646F5325CC0F43005B535F /* StartController.swift */,
				98646F6625CC12AB005B535F /* WeeklyPayCheckerController.swift */,
				98646F6825CC138F005B535F /* TriangleTesterController.swift */,
			);
			path = Controllers;
			sourceTree = "<group>";
		};
		98646F6525CC0FD0005B535F /* Models */ = {
			isa = PBXGroup;
			children = (
				98646F6A25CC27A0005B535F /* PayCounter.swift */,
				98FA477225CC54EF00CC36E6 /* TriangleChecker.swift */,
			);
			path = Models;
			sourceTree = "<group>";
		};
/* End PBXGroup section */

/* Begin PBXNativeTarget section */
		98646F4B25CC0F43005B535F /* Programms */ = {
			isa = PBXNativeTarget;
			buildConfigurationList = 98646F6025CC0F4A005B535F /* Build configuration list for PBXNativeTarget "Programms" */;
			buildPhases = (
				98646F4825CC0F43005B535F /* Sources */,
				98646F4925CC0F43005B535F /* Frameworks */,
				98646F4A25CC0F43005B535F /* Resources */,
			);
			buildRules = (
			);
			dependencies = (
			);
			name = Programms;
			productName = weeklyPayChecker;
			productReference = 98646F4C25CC0F43005B535F /* programms.app */;
			productType = "com.apple.product-type.application";
		};
/* End PBXNativeTarget section */

/* Begin PBXProject section */
		98646F4425CC0F43005B535F /* Project object */ = {
			isa = PBXProject;
			attributes = {
				LastSwiftUpdateCheck = 1170;
				LastUpgradeCheck = 1170;
				ORGANIZATIONNAME = "";
				TargetAttributes = {
					98646F4B25CC0F43005B535F = {
						CreatedOnToolsVersion = 11.7;
					};
				};
			};
			buildConfigurationList = 98646F4725CC0F43005B535F /* Build configuration list for PBXProject "Programms" */;
			compatibilityVersion = "Xcode 9.3";
			developmentRegion = en;
			hasScannedForEncodings = 0;
			knownRegions = (
				en,
				Base,
			);
			mainGroup = 98646F4325CC0F43005B535F;
			productRefGroup = 98646F4D25CC0F43005B535F /* Products */;
			projectDirPath = "";
			projectRoot = "";
			targets = (
				98646F4B25CC0F43005B535F /* Programms */,
			);
		};
/* End PBXProject section */

/* Begin PBXResourcesBuildPhase section */
		98646F4A25CC0F43005B535F /* Resources */ = {
			isa = PBXResourcesBuildPhase;
			buildActionMask = 2147483647;
			files = (
				98646F5C25CC0F4A005B535F /* LaunchScreen.storyboard in Resources */,
				98646F5925CC0F4A005B535F /* Assets.xcassets in Resources */,
				98646F5725CC0F43005B535F /* Main.storyboard in Resources */,
			);
			runOnlyForDeploymentPostprocessing = 0;
		};
/* End PBXResourcesBuildPhase section */

/* Begin PBXSourcesBuildPhase section */
		98646F4825CC0F43005B535F /* Sources */ = {
			isa = PBXSourcesBuildPhase;
			buildActionMask = 2147483647;
			files = (
				98646F5425CC0F43005B535F /* StartController.swift in Sources */,
				98646F5025CC0F43005B535F /* AppDelegate.swift in Sources */,
				98FA477325CC54EF00CC36E6 /* TriangleChecker.swift in Sources */,
				98646F6925CC138F005B535F /* TriangleTesterController.swift in Sources */,
				98646F6725CC12AB005B535F /* WeeklyPayCheckerController.swift in Sources */,
				98646F5225CC0F43005B535F /* SceneDelegate.swift in Sources */,
				98646F6B25CC27A0005B535F /* PayCounter.swift in Sources */,
			);
			runOnlyForDeploymentPostprocessing = 0;
		};
/* End PBXSourcesBuildPhase section */

/* Begin PBXVariantGroup section */
		98646F5525CC0F43005B535F /* Main.storyboard */ = {
			isa = PBXVariantGroup;
			children = (
				98646F5625CC0F43005B535F /* Base */,
			);
			name = Main.storyboard;
			sourceTree = "<group>";
		};
		98646F5A25CC0F4A005B535F /* LaunchScreen.storyboard */ = {
			isa = PBXVariantGroup;
			children = (
				98646F5B25CC0F4A005B535F /* Base */,
			);
			name = LaunchScreen.storyboard;
			sourceTree = "<group>";
		};
/* End PBXVariantGroup section */

/* Begin XCBuildConfiguration section */
		98646F5E25CC0F4A005B535F /* Debug */ = {
			isa = XCBuildConfiguration;
			buildSettings = {
				ALTERNATE_OWNER = "";
				ALWAYS_SEARCH_USER_PATHS = NO;
				CLANG_ANALYZER_NONNULL = YES;
				CLANG_ANALYZER_NUMBER_OBJECT_CONVERSION = YES_AGGRESSIVE;
				CLANG_CXX_LANGUAGE_STANDARD = "gnu++14";
				CLANG_CXX_LIBRARY = "libc++";
				CLANG_ENABLE_MODULES = YES;
				CLANG_ENABLE_OBJC_ARC = YES;
				CLANG_ENABLE_OBJC_WEAK = YES;
				CLANG_WARN_BLOCK_CAPTURE_AUTORELEASING = YES;
				CLANG_WARN_BOOL_CONVERSION = YES;
				CLANG_WARN_COMMA = YES;
				CLANG_WARN_CONSTANT_CONVERSION = YES;
				CLANG_WARN_DEPRECATED_OBJC_IMPLEMENTATIONS = YES;
				CLANG_WARN_DIRECT_OBJC_ISA_USAGE = YES_ERROR;
				CLANG_WARN_DOCUMENTATION_COMMENTS = YES;
				CLANG_WARN_EMPTY_BODY = YES;
				CLANG_WARN_ENUM_CONVERSION = YES;
				CLANG_WARN_INFINITE_RECURSION = YES;
				CLANG_WARN_INT_CONVERSION = YES;
				CLANG_WARN_NON_LITERAL_NULL_CONVERSION = YES;
				CLANG_WARN_OBJC_IMPLICIT_RETAIN_SELF = YES;
				CLANG_WARN_OBJC_LITERAL_CONVERSION = YES;
				CLANG_WARN_OBJC_ROOT_CLASS = YES_ERROR;
				CLANG_WARN_RANGE_LOOP_ANALYSIS = YES;
				CLANG_WARN_STRICT_PROTOTYPES = YES;
				CLANG_WARN_SUSPICIOUS_MOVE = YES;
				CLANG_WARN_UNGUARDED_AVAILABILITY = YES_AGGRESSIVE;
				CLANG_WARN_UNREACHABLE_CODE = YES;
				CLANG_WARN__DUPLICATE_METHOD_MATCH = YES;
				COPY_PHASE_STRIP = NO;
				DEBUG_INFORMATION_FORMAT = dwarf;
				ENABLE_STRICT_OBJC_MSGSEND = YES;
				ENABLE_TESTABILITY = YES;
				GCC_C_LANGUAGE_STANDARD = gnu11;
				GCC_DYNAMIC_NO_PIC = NO;
				GCC_NO_COMMON_BLOCKS = YES;
				GCC_OPTIMIZATION_LEVEL = 0;
				GCC_PREPROCESSOR_DEFINITIONS = (
					"DEBUG=1",
					"$(inherited)",
				);
				GCC_WARN_64_TO_32_BIT_CONVERSION = YES;
				GCC_WARN_ABOUT_RETURN_TYPE = YES_ERROR;
				GCC_WARN_UNDECLARED_SELECTOR = YES;
				GCC_WARN_UNINITIALIZED_AUTOS = YES_AGGRESSIVE;
				GCC_WARN_UNUSED_FUNCTION = YES;
				GCC_WARN_UNUSED_VARIABLE = YES;
				INSTALL_OWNER = "";
				IPHONEOS_DEPLOYMENT_TARGET = 13.7;
				MTL_ENABLE_DEBUG_INFO = INCLUDE_SOURCE;
				MTL_FAST_MATH = YES;
				ONLY_ACTIVE_ARCH = YES;
				SDKROOT = iphoneos;
				SWIFT_ACTIVE_COMPILATION_CONDITIONS = DEBUG;
				SWIFT_OPTIMIZATION_LEVEL = "-Onone";
			};
			name = Debug;
		};
		98646F5F25CC0F4A005B535F /* Release */ = {
			isa = XCBuildConfiguration;
			buildSettings = {
				ALTERNATE_OWNER = "";
				ALWAYS_SEARCH_USER_PATHS = NO;
				CLANG_ANALYZER_NONNULL = YES;
				CLANG_ANALYZER_NUMBER_OBJECT_CONVERSION = YES_AGGRESSIVE;
				CLANG_CXX_LANGUAGE_STANDARD = "gnu++14";
				CLANG_CXX_LIBRARY = "libc++";
				CLANG_ENABLE_MODULES = YES;
				CLANG_ENABLE_OBJC_ARC = YES;
				CLANG_ENABLE_OBJC_WEAK = YES;
				CLANG_WARN_BLOCK_CAPTURE_AUTORELEASING = YES;
				CLANG_WARN_BOOL_CONVERSION = YES;
				CLANG_WARN_COMMA = YES;
				CLANG_WARN_CONSTANT_CONVERSION = YES;
				CLANG_WARN_DEPRECATED_OBJC_IMPLEMENTATIONS = YES;
				CLANG_WARN_DIRECT_OBJC_ISA_USAGE = YES_ERROR;
				CLANG_WARN_DOCUMENTATION_COMMENTS = YES;
				CLANG_WARN_EMPTY_BODY = YES;
				CLANG_WARN_ENUM_CONVERSION = YES;
				CLANG_WARN_INFINITE_RECURSION = YES;
				CLANG_WARN_INT_CONVERSION = YES;
				CLANG_WARN_NON_LITERAL_NULL_CONVERSION = YES;
				CLANG_WARN_OBJC_IMPLICIT_RETAIN_SELF = YES;
				CLANG_WARN_OBJC_LITERAL_CONVERSION = YES;
				CLANG_WARN_OBJC_ROOT_CLASS = YES_ERROR;
				CLANG_WARN_RANGE_LOOP_ANALYSIS = YES;
				CLANG_WARN_STRICT_PROTOTYPES = YES;
				CLANG_WARN_SUSPICIOUS_MOVE = YES;
				CLANG_WARN_UNGUARDED_AVAILABILITY = YES_AGGRESSIVE;
				CLANG_WARN_UNREACHABLE_CODE = YES;
				CLANG_WARN__DUPLICATE_METHOD_MATCH = YES;
				COPY_PHASE_STRIP = NO;
				DEBUG_INFORMATION_FORMAT = "dwarf-with-dsym";
				ENABLE_NS_ASSERTIONS = NO;
				ENABLE_STRICT_OBJC_MSGSEND = YES;
				GCC_C_LANGUAGE_STANDARD = gnu11;
				GCC_NO_COMMON_BLOCKS = YES;
				GCC_WARN_64_TO_32_BIT_CONVERSION = YES;
				GCC_WARN_ABOUT_RETURN_TYPE = YES_ERROR;
				GCC_WARN_UNDECLARED_SELECTOR = YES;
				GCC_WARN_UNINITIALIZED_AUTOS = YES_AGGRESSIVE;
				GCC_WARN_UNUSED_FUNCTION = YES;
				GCC_WARN_UNUSED_VARIABLE = YES;
				INSTALL_OWNER = "";
				IPHONEOS_DEPLOYMENT_TARGET = 13.7;
				MTL_ENABLE_DEBUG_INFO = NO;
				MTL_FAST_MATH = YES;
				SDKROOT = iphoneos;
				SWIFT_COMPILATION_MODE = wholemodule;
				SWIFT_OPTIMIZATION_LEVEL = "-O";
				VALIDATE_PRODUCT = YES;
			};
			name = Release;
		};
		98646F6125CC0F4A005B535F /* Debug */ = {
			isa = XCBuildConfiguration;
			buildSettings = {
				ASSETCATALOG_COMPILER_APPICON_NAME = AppIcon;
				CODE_SIGN_STYLE = Automatic;
				INFOPLIST_FILE = programms/Info.plist;
				LD_RUNPATH_SEARCH_PATHS = (
					"$(inherited)",
					"@executable_path/Frameworks",
				);
				PRODUCT_BUNDLE_IDENTIFIER = PROGRAMM;
				PRODUCT_NAME = programms;
				SWIFT_VERSION = 5.0;
				TARGETED_DEVICE_FAMILY = "1,2";
			};
			name = Debug;
		};
		98646F6225CC0F4A005B535F /* Release */ = {
			isa = XCBuildConfiguration;
			buildSettings = {
				ASSETCATALOG_COMPILER_APPICON_NAME = AppIcon;
				CODE_SIGN_STYLE = Automatic;
				INFOPLIST_FILE = programms/Info.plist;
				LD_RUNPATH_SEARCH_PATHS = (
					"$(inherited)",
					"@executable_path/Frameworks",
				);
				PRODUCT_BUNDLE_IDENTIFIER = PROGRAMM;
				PRODUCT_NAME = programms;
				SWIFT_VERSION = 5.0;
				TARGETED_DEVICE_FAMILY = "1,2";
			};
			name = Release;
		};
/* End XCBuildConfiguration section */

/* Begin XCConfigurationList section */
		98646F4725CC0F43005B535F /* Build configuration list for PBXProject "Programms" */ = {
			isa = XCConfigurationList;
			buildConfigurations = (
				98646F5E25CC0F4A005B535F /* Debug */,
				98646F5F25CC0F4A005B535F /* Release */,
			);
			defaultConfigurationIsVisible = 0;
			defaultConfigurationName = Release;
		};
		98646F6025CC0F4A005B535F /* Build configuration list for PBXNativeTarget "Programms" */ = {
			isa = XCConfigurationList;
			buildConfigurations = (
				98646F6125CC0F4A005B535F /* Debug */,
				98646F6225CC0F4A005B535F /* Release */,
			);
			defaultConfigurationIsVisible = 0;
			defaultConfigurationName = Release;
		};
/* End XCConfigurationList section */
	};
	rootObject = 98646F4425CC0F43005B535F /* Project object */;
}
